
Microsoft Visual Studio Solution File, Format Version 12.00
# Visual Studio Version 17
VisualStudioVersion = 17.8.34511.84
MinimumVisualStudioVersion = 10.0.40219.1
Project("{FAE04EC0-301F-11D3-BF4B-00C04F79EFBC}") = "loja_carro", "loja_carro\loja_carro.csproj", "{A6A77C9D-A80E-40DF-8669-E9B4078C9E93}"
EndProject
Global
	GlobalSection(SolutionConfigurationPlatforms) = preSolution
		Debug|Any CPU = Debug|Any CPU
		Release|Any CPU = Release|Any CPU
	EndGlobalSection
	GlobalSection(ProjectConfigurationPlatforms) = postSolution
		{A6A77C9D-A80E-40DF-8669-E9B4078C9E93}.Debug|Any CPU.ActiveCfg = Debug|Any CPU
		{A6A77C9D-A80E-40DF-8669-E9B4078C9E93}.Debug|Any CPU.Build.0 = Debug|Any CPU
		{A6A77C9D-A80E-40DF-8669-E9B4078C9E93}.Release|Any CPU.ActiveCfg = Release|Any CPU
		{A6A77C9D-A80E-40DF-8669-E9B4078C9E93}.Release|Any CPU.Build.0 = Release|Any CPU
	EndGlobalSection
	GlobalSection(SolutionProperties) = preSolution
		HideSolutionNode = FALSE
	EndGlobalSection
	GlobalSection(ExtensibilityGlobals) = postSolution
		SolutionGuid = {B411E5F8-17B6-4039-960A-D051816271A6}
	EndGlobalSection
EndGlobal
